{
  "lockfileVersion": 1,
  "configVersion": 1,
  "workspaces": {
    "": {
      "devDependencies": {
        "@axe-core/playwright": "4.11.1",
        "playwright": "1.58.2",
      },
    },
  },
  "packages": {
    "@axe-core/playwright": ["@axe-core/playwright@4.11.1", "", { "dependencies": { "axe-core": "~4.11.1" }, "peerDependencies": { "playwright-core": ">= 1.0.0" } }, "sha512-mKEfoUIB1MkVTht0BGZFXtSAEKXMJoDkyV5YZ9jbBmZCcWDz71tegNsdTkIN8zc/yMi5Gm2kx7Z5YQ9PfWNAWw=="],

    "axe-core": ["axe-core@4.11.1", "", {}, "sha512-BASOg+YwO2C+346x3LZOeoovTIoTrRqEsqMa6fmfAV0P+U9mFr9NsyOEpiYvFjbc64NMrSswhV50WdXzdb/Z5A=="],

    "fsevents": ["fsevents@2.3.2", "", { "os": "darwin" }, "sha512-xiqMQR4xAeHTuB9uWm+fFRcIOgKBMiOBP+eXiyT7jsgVCq1bkVygt00oASowB7EdtpOHaaPgKt812P9ab+DDKA=="],

    "playwright": ["playwright@1.58.2", "", { "dependencies": { "playwright-core": "1.58.2" }, "optionalDependencies": { "fsevents": "2.3.2" }, "bin": { "playwright": "cli.js" } }, "sha512-vA30H8Nvkq/cPBnNw4Q8TWz1EJyqgpuinBcHET0YVJVFldr8JDNiU9LaWAE1KqSkRYazuaBhTpB5ZzShOezQ6A=="],

    "playwright-core": ["playwright-core@1.58.2", "", { "bin": { "playwright-core": "cli.js" } }, "sha512-yZkEtftgwS8CsfYo7nm0KE8jsvm6i/PTgVtB8DL726wNf6H2IMsDuxCpJj59KDaxCtSnrWan2AeDqM7JBaultg=="],
  }
}
